
Microsoft Visual Studio Solution File, Format Version 12.00
# Visual Studio 15
VisualStudioVersion = 15.0.28307.136
MinimumVisualStudioVersion = 10.0.40219.1
Project("{FAE04EC0-301F-11D3-BF4B-00C04F79EFBC}") = "BenchmarkRunner", "BenchmarkRunner\BenchmarkRunner.csproj", "{B3F2D345-EF92-4D6F-94C1-45BA1771AC3C}"
EndProject
Project("{FAE04EC0-301F-11D3-BF4B-00C04F79EFBC}") = "ControlTest", "ControlTest\ControlTest.csproj", "{4CF338C9-D21D-4DC7-B3C0-D4AB6FBE6AA7}"
EndProject
Global
	GlobalSection(SolutionConfigurationPlatforms) = preSolution
		Debug|Any CPU = Debug|Any CPU
		Release|Any CPU = Release|Any CPU
	EndGlobalSection
	GlobalSection(ProjectConfigurationPlatforms) = postSolution
		{B3F2D345-EF92-4D6F-94C1-45BA1771AC3C}.Debug|Any CPU.ActiveCfg = Debug|Any CPU
		{B3F2D345-EF92-4D6F-94C1-45BA1771AC3C}.Debug|Any CPU.Build.0 = Debug|Any CPU
		{B3F2D345-EF92-4D6F-94C1-45BA1771AC3C}.Release|Any CPU.ActiveCfg = Release|Any CPU
		{B3F2D345-EF92-4D6F-94C1-45BA1771AC3C}.Release|Any CPU.Build.0 = Release|Any CPU
		{4CF338C9-D21D-4DC7-B3C0-D4AB6FBE6AA7}.Debug|Any CPU.ActiveCfg = Debug|Any CPU
		{4CF338C9-D21D-4DC7-B3C0-D4AB6FBE6AA7}.Debug|Any CPU.Build.0 = Debug|Any CPU
		{4CF338C9-D21D-4DC7-B3C0-D4AB6FBE6AA7}.Release|Any CPU.ActiveCfg = Release|Any CPU
		{4CF338C9-D21D-4DC7-B3C0-D4AB6FBE6AA7}.Release|Any CPU.Build.0 = Release|Any CPU
	EndGlobalSection
	GlobalSection(SolutionProperties) = preSolution
		HideSolutionNode = FALSE
	EndGlobalSection
	GlobalSection(ExtensibilityGlobals) = postSolution
		SolutionGuid = {C3CFD045-8593-4F17-8436-E739440C27DC}
	EndGlobalSection
EndGlobal
